{
  "object": {
    "pins": [
      {
        "package": "Contentful",
        "repositoryURL": "https://github.com/contentful/contentful.swift.git",
        "state": {
          "branch": null,
          "revision": "7017c7c8da6f035a9e8c60c85158d5b7808b79da",
          "version": "5.0.7"
        }
      }
    ]
  },
  "version": 1
}
